
Microsoft Visual Studio Solution File, Format Version 12.00
# Visual Studio 15
VisualStudioVersion = 15.0.27703.2042
MinimumVisualStudioVersion = 10.0.40219.1
Project("{FAE04EC0-301F-11D3-BF4B-00C04F79EFBC}") = "ProductInspection.Android", "ProductInspection\ProductInspection.Android\ProductInspection.Android.csproj", "{834F854A-5318-48F8-9D90-9FEE1597CA2A}"
EndProject
Project("{FAE04EC0-301F-11D3-BF4B-00C04F79EFBC}") = "ProductInspection.iOS", "ProductInspection\ProductInspection.iOS\ProductInspection.iOS.csproj", "{40362A4E-3956-4824-A59F-669FDCCE5F12}"
EndProject
Project("{FAE04EC0-301F-11D3-BF4B-00C04F79EFBC}") = "ProductInspection", "ProductInspection\ProductInspection\ProductInspection.csproj", "{64BD2874-DB80-4FAE-BCD5-F505A321644D}"
EndProject
Global
	GlobalSection(SolutionConfigurationPlatforms) = preSolution
		Ad-Hoc|Any CPU = Ad-Hoc|Any CPU
		Ad-Hoc|iPhone = Ad-Hoc|iPhone
		Ad-Hoc|iPhoneSimulator = Ad-Hoc|iPhoneSimulator
		AppStore|Any CPU = AppStore|Any CPU
		AppStore|iPhone = AppStore|iPhone
		AppStore|iPhoneSimulator = AppStore|iPhoneSimulator
		Debug|Any CPU = Debug|Any CPU
		Debug|iPhone = Debug|iPhone
		Debug|iPhoneSimulator = Debug|iPhoneSimulator
		Release|Any CPU = Release|Any CPU
		Release|iPhone = Release|iPhone
		Release|iPhoneSimulator = Release|iPhoneSimulator
	EndGlobalSection
	GlobalSection(ProjectConfigurationPlatforms) = postSolution
		{834F854A-5318-48F8-9D90-9FEE1597CA2A}.Ad-Hoc|Any CPU.ActiveCfg = Release|Any CPU
		{834F854A-5318-48F8-9D90-9FEE1597CA2A}.Ad-Hoc|Any CPU.Build.0 = Release|Any CPU
		{834F854A-5318-48F8-9D90-9FEE1597CA2A}.Ad-Hoc|Any CPU.Deploy.0 = Release|Any CPU
		{834F854A-5318-48F8-9D90-9FEE1597CA2A}.Ad-Hoc|iPhone.ActiveCfg = Release|Any CPU
		{834F854A-5318-48F8-9D90-9FEE1597CA2A}.Ad-Hoc|iPhone.Build.0 = Release|Any CPU
		{834F854A-5318-48F8-9D90-9FEE1597CA2A}.Ad-Hoc|iPhone.Deploy.0 = Release|Any CPU
		{834F854A-5318-48F8-9D90-9FEE1597CA2A}.Ad-Hoc|iPhoneSimulator.ActiveCfg = Release|Any CPU
		{834F854A-5318-48F8-9D90-9FEE1597CA2A}.Ad-Hoc|iPhoneSimulator.Build.0 = Release|Any CPU
		{834F854A-5318-48F8-9D90-9FEE1597CA2A}.Ad-Hoc|iPhoneSimulator.Deploy.0 = Release|Any CPU
		{834F854A-5318-48F8-9D90-9FEE1597CA2A}.AppStore|Any CPU.ActiveCfg = Release|Any CPU
		{834F854A-5318-48F8-9D90-9FEE1597CA2A}.AppStore|Any CPU.Build.0 = Release|Any CPU
		{834F854A-5318-48F8-9D90-9FEE1597CA2A}.AppStore|Any CPU.Deploy.0 = Release|Any CPU
		{834F854A-5318-48F8-9D90-9FEE1597CA2A}.AppStore|iPhone.ActiveCfg = Release|Any CPU
		{834F854A-5318-48F8-9D90-9FEE1597CA2A}.AppStore|iPhone.Build.0 = Release|Any CPU
		{834F854A-5318-48F8-9D90-9FEE1597CA2A}.AppStore|iPhone.Deploy.0 = Release|Any CPU
		{834F854A-5318-48F8-9D90-9FEE1597CA2A}.AppStore|iPhoneSimulator.ActiveCfg = Release|Any CPU
		{834F854A-5318-48F8-9D90-9FEE1597CA2A}.AppStore|iPhoneSimulator.Build.0 = Release|Any CPU
		{834F854A-5318-48F8-9D90-9FEE1597CA2A}.AppStore|iPhoneSimulator.Deploy.0 = Release|Any CPU
		{834F854A-5318-48F8-9D90-9FEE1597CA2A}.Debug|Any CPU.ActiveCfg = Debug|Any CPU
		{834F854A-5318-48F8-9D90-9FEE1597CA2A}.Debug|Any CPU.Build.0 = Debug|Any CPU
		{834F854A-5318-48F8-9D90-9FEE1597CA2A}.Debug|Any CPU.Deploy.0 = Debug|Any CPU
		{834F854A-5318-48F8-9D90-9FEE1597CA2A}.Debug|iPhone.ActiveCfg = Debug|Any CPU
		{834F854A-5318-48F8-9D90-9FEE1597CA2A}.Debug|iPhone.Build.0 = Debug|Any CPU
		{834F854A-5318-48F8-9D90-9FEE1597CA2A}.Debug|iPhone.Deploy.0 = Debug|Any CPU
		{834F854A-5318-48F8-9D90-9FEE1597CA2A}.Debug|iPhoneSimulator.ActiveCfg = Debug|Any CPU
		{834F854A-5318-48F8-9D90-9FEE1597CA2A}.Debug|iPhoneSimulator.Build.0 = Debug|Any CPU
		{834F854A-5318-48F8-9D90-9FEE1597CA2A}.Debug|iPhoneSimulator.Deploy.0 = Debug|Any CPU
		{834F854A-5318-48F8-9D90-9FEE1597CA2A}.Release|Any CPU.ActiveCfg = Release|Any CPU
		{834F854A-5318-48F8-9D90-9FEE1597CA2A}.Release|Any CPU.Build.0 = Release|Any CPU
		{834F854A-5318-48F8-9D90-9FEE1597CA2A}.Release|Any CPU.Deploy.0 = Release|Any CPU
		{834F854A-5318-48F8-9D90-9FEE1597CA2A}.Release|iPhone.ActiveCfg = Release|Any CPU
		{834F854A-5318-48F8-9D90-9FEE1597CA2A}.Release|iPhone.Build.0 = Release|Any CPU
		{834F854A-5318-48F8-9D90-9FEE1597CA2A}.Release|iPhone.Deploy.0 = Release|Any CPU
		{834F854A-5318-48F8-9D90-9FEE1597CA2A}.Release|iPhoneSimulator.ActiveCfg = Release|Any CPU
		{834F854A-5318-48F8-9D90-9FEE1597CA2A}.Release|iPhoneSimulator.Build.0 = Release|Any CPU
		{834F854A-5318-48F8-9D90-9FEE1597CA2A}.Release|iPhoneSimulator.Deploy.0 = Release|Any CPU
		{40362A4E-3956-4824-A59F-669FDCCE5F12}.Ad-Hoc|Any CPU.ActiveCfg = Ad-Hoc|iPhone
		{40362A4E-3956-4824-A59F-669FDCCE5F12}.Ad-Hoc|Any CPU.Build.0 = Ad-Hoc|iPhone
		{40362A4E-3956-4824-A59F-669FDCCE5F12}.Ad-Hoc|Any CPU.Deploy.0 = Ad-Hoc|iPhone
		{40362A4E-3956-4824-A59F-669FDCCE5F12}.Ad-Hoc|iPhone.ActiveCfg = Ad-Hoc|iPhone
		{40362A4E-3956-4824-A59F-669FDCCE5F12}.Ad-Hoc|iPhone.Build.0 = Ad-Hoc|iPhone
		{40362A4E-3956-4824-A59F-669FDCCE5F12}.Ad-Hoc|iPhone.Deploy.0 = Ad-Hoc|iPhone
		{40362A4E-3956-4824-A59F-669FDCCE5F12}.Ad-Hoc|iPhoneSimulator.ActiveCfg = Ad-Hoc|iPhoneSimulator
		{40362A4E-3956-4824-A59F-669FDCCE5F12}.Ad-Hoc|iPhoneSimulator.Build.0 = Ad-Hoc|iPhoneSimulator
		{40362A4E-3956-4824-A59F-669FDCCE5F12}.Ad-Hoc|iPhoneSimulator.Deploy.0 = Ad-Hoc|iPhoneSimulator
		{40362A4E-3956-4824-A59F-669FDCCE5F12}.AppStore|Any CPU.ActiveCfg = AppStore|iPhone
		{40362A4E-3956-4824-A59F-669FDCCE5F12}.AppStore|Any CPU.Build.0 = AppStore|iPhone
		{40362A4E-3956-4824-A59F-669FDCCE5F12}.AppStore|Any CPU.Deploy.0 = AppStore|iPhone
		{40362A4E-3956-4824-A59F-669FDCCE5F12}.AppStore|iPhone.ActiveCfg = AppStore|iPhone
		{40362A4E-3956-4824-A59F-669FDCCE5F12}.AppStore|iPhone.Build.0 = AppStore|iPhone
		{40362A4E-3956-4824-A59F-669FDCCE5F12}.AppStore|iPhone.Deploy.0 = AppStore|iPhone
		{40362A4E-3956-4824-A59F-669FDCCE5F12}.AppStore|iPhoneSimulator.ActiveCfg = AppStore|iPhoneSimulator
		{40362A4E-3956-4824-A59F-669FDCCE5F12}.AppStore|iPhoneSimulator.Build.0 = AppStore|iPhoneSimulator
		{40362A4E-3956-4824-A59F-669FDCCE5F12}.AppStore|iPhoneSimulator.Deploy.0 = AppStore|iPhoneSimulator
		{40362A4E-3956-4824-A59F-669FDCCE5F12}.Debug|Any CPU.ActiveCfg = Debug|iPhoneSimulator
		{40362A4E-3956-4824-A59F-669FDCCE5F12}.Debug|Any CPU.Build.0 = Debug|iPhoneSimulator
		{40362A4E-3956-4824-A59F-669FDCCE5F12}.Debug|Any CPU.Deploy.0 = Debug|iPhoneSimulator
		{40362A4E-3956-4824-A59F-669FDCCE5F12}.Debug|iPhone.ActiveCfg = Debug|iPhone
		{40362A4E-3956-4824-A59F-669FDCCE5F12}.Debug|iPhone.Build.0 = Debug|iPhone
		{40362A4E-3956-4824-A59F-669FDCCE5F12}.Debug|iPhone.Deploy.0 = Debug|iPhone
		{40362A4E-3956-4824-A59F-669FDCCE5F12}.Debug|iPhoneSimulator.ActiveCfg = Debug|iPhoneSimulator
		{40362A4E-3956-4824-A59F-669FDCCE5F12}.Debug|iPhoneSimulator.Build.0 = Debug|iPhoneSimulator
		{40362A4E-3956-4824-A59F-669FDCCE5F12}.Debug|iPhoneSimulator.Deploy.0 = Debug|iPhoneSimulator
		{40362A4E-3956-4824-A59F-669FDCCE5F12}.Release|Any CPU.ActiveCfg = Release|iPhone
		{40362A4E-3956-4824-A59F-669FDCCE5F12}.Release|Any CPU.Build.0 = Release|iPhone
		{40362A4E-3956-4824-A59F-669FDCCE5F12}.Release|Any CPU.Deploy.0 = Release|iPhone
		{40362A4E-3956-4824-A59F-669FDCCE5F12}.Release|iPhone.ActiveCfg = Release|iPhone
		{40362A4E-3956-4824-A59F-669FDCCE5F12}.Release|iPhone.Build.0 = Release|iPhone
		{40362A4E-3956-4824-A59F-669FDCCE5F12}.Release|iPhone.Deploy.0 = Release|iPhone
		{40362A4E-3956-4824-A59F-669FDCCE5F12}.Release|iPhoneSimulator.ActiveCfg = Release|iPhoneSimulator
		{40362A4E-3956-4824-A59F-669FDCCE5F12}.Release|iPhoneSimulator.Build.0 = Release|iPhoneSimulator
		{40362A4E-3956-4824-A59F-669FDCCE5F12}.Release|iPhoneSimulator.Deploy.0 = Release|iPhoneSimulator
		{64BD2874-DB80-4FAE-BCD5-F505A321644D}.Ad-Hoc|Any CPU.ActiveCfg = Debug|Any CPU
		{64BD2874-DB80-4FAE-BCD5-F505A321644D}.Ad-Hoc|Any CPU.Build.0 = Debug|Any CPU
		{64BD2874-DB80-4FAE-BCD5-F505A321644D}.Ad-Hoc|Any CPU.Deploy.0 = Debug|Any CPU
		{64BD2874-DB80-4FAE-BCD5-F505A321644D}.Ad-Hoc|iPhone.ActiveCfg = Debug|Any CPU
		{64BD2874-DB80-4FAE-BCD5-F505A321644D}.Ad-Hoc|iPhone.Build.0 = Debug|Any CPU
		{64BD2874-DB80-4FAE-BCD5-F505A321644D}.Ad-Hoc|iPhone.Deploy.0 = Debug|Any CPU
		{64BD2874-DB80-4FAE-BCD5-F505A321644D}.Ad-Hoc|iPhoneSimulator.ActiveCfg = Debug|Any CPU
		{64BD2874-DB80-4FAE-BCD5-F505A321644D}.Ad-Hoc|iPhoneSimulator.Build.0 = Debug|Any CPU
		{64BD2874-DB80-4FAE-BCD5-F505A321644D}.Ad-Hoc|iPhoneSimulator.Deploy.0 = Debug|Any CPU
		{64BD2874-DB80-4FAE-BCD5-F505A321644D}.AppStore|Any CPU.ActiveCfg = Debug|Any CPU
		{64BD2874-DB80-4FAE-BCD5-F505A321644D}.AppStore|Any CPU.Build.0 = Debug|Any CPU
		{64BD2874-DB80-4FAE-BCD5-F505A321644D}.AppStore|Any CPU.Deploy.0 = Debug|Any CPU
		{64BD2874-DB80-4FAE-BCD5-F505A321644D}.AppStore|iPhone.ActiveCfg = Debug|Any CPU
		{64BD2874-DB80-4FAE-BCD5-F505A321644D}.AppStore|iPhone.Build.0 = Debug|Any CPU
		{64BD2874-DB80-4FAE-BCD5-F505A321644D}.AppStore|iPhone.Deploy.0 = Debug|Any CPU
		{64BD2874-DB80-4FAE-BCD5-F505A321644D}.AppStore|iPhoneSimulator.ActiveCfg = Debug|Any CPU
		{64BD2874-DB80-4FAE-BCD5-F505A321644D}.AppStore|iPhoneSimulator.Build.0 = Debug|Any CPU
		{64BD2874-DB80-4FAE-BCD5-F505A321644D}.AppStore|iPhoneSimulator.Deploy.0 = Debug|Any CPU
		{64BD2874-DB80-4FAE-BCD5-F505A321644D}.Debug|Any CPU.ActiveCfg = Debug|Any CPU
		{64BD2874-DB80-4FAE-BCD5-F505A321644D}.Debug|Any CPU.Build.0 = Debug|Any CPU
		{64BD2874-DB80-4FAE-BCD5-F505A321644D}.Debug|Any CPU.Deploy.0 = Debug|Any CPU
		{64BD2874-DB80-4FAE-BCD5-F505A321644D}.Debug|iPhone.ActiveCfg = Debug|Any CPU
		{64BD2874-DB80-4FAE-BCD5-F505A321644D}.Debug|iPhone.Build.0 = Debug|Any CPU
		{64BD2874-DB80-4FAE-BCD5-F505A321644D}.Debug|iPhone.Deploy.0 = Debug|Any CPU
		{64BD2874-DB80-4FAE-BCD5-F505A321644D}.Debug|iPhoneSimulator.ActiveCfg = Debug|Any CPU
		{64BD2874-DB80-4FAE-BCD5-F505A321644D}.Debug|iPhoneSimulator.Build.0 = Debug|Any CPU
		{64BD2874-DB80-4FAE-BCD5-F505A321644D}.Debug|iPhoneSimulator.Deploy.0 = Debug|Any CPU
		{64BD2874-DB80-4FAE-BCD5-F505A321644D}.Release|Any CPU.ActiveCfg = Release|Any CPU
		{64BD2874-DB80-4FAE-BCD5-F505A321644D}.Release|Any CPU.Build.0 = Release|Any CPU
		{64BD2874-DB80-4FAE-BCD5-F505A321644D}.Release|Any CPU.Deploy.0 = Release|Any CPU
		{64BD2874-DB80-4FAE-BCD5-F505A321644D}.Release|iPhone.ActiveCfg = Release|Any CPU
		{64BD2874-DB80-4FAE-BCD5-F505A321644D}.Release|iPhone.Build.0 = Release|Any CPU
		{64BD2874-DB80-4FAE-BCD5-F505A321644D}.Release|iPhone.Deploy.0 = Release|Any CPU
		{64BD2874-DB80-4FAE-BCD5-F505A321644D}.Release|iPhoneSimulator.ActiveCfg = Release|Any CPU
		{64BD2874-DB80-4FAE-BCD5-F505A321644D}.Release|iPhoneSimulator.Build.0 = Release|Any CPU
		{64BD2874-DB80-4FAE-BCD5-F505A321644D}.Release|iPhoneSimulator.Deploy.0 = Release|Any CPU
	EndGlobalSection
	GlobalSection(SolutionProperties) = preSolution
		HideSolutionNode = FALSE
	EndGlobalSection
	GlobalSection(ExtensibilityGlobals) = postSolution
		SolutionGuid = {1683207C-0F2B-4054-B2DE-F091F2B5B47B}
	EndGlobalSection
EndGlobal
